
Microsoft Visual Studio Solution File, Format Version 12.00
# Visual Studio Version 16
VisualStudioVersion = 16.0.30225.117
MinimumVisualStudioVersion = 10.0.40219.1
Project("{FAE04EC0-301F-11D3-BF4B-00C04F79EFBC}") = "MyAssignment2", "MyAssignment2\MyAssignment2.csproj", "{9D6C519C-130A-4EFB-A709-335B5FE284CC}"
EndProject
Global
	GlobalSection(SolutionConfigurationPlatforms) = preSolution
		Debug|Any CPU = Debug|Any CPU
		Release|Any CPU = Release|Any CPU
	EndGlobalSection
	GlobalSection(ProjectConfigurationPlatforms) = postSolution
		{9D6C519C-130A-4EFB-A709-335B5FE284CC}.Debug|Any CPU.ActiveCfg = Debug|Any CPU
		{9D6C519C-130A-4EFB-A709-335B5FE284CC}.Debug|Any CPU.Build.0 = Debug|Any CPU
		{9D6C519C-130A-4EFB-A709-335B5FE284CC}.Release|Any CPU.ActiveCfg = Release|Any CPU
		{9D6C519C-130A-4EFB-A709-335B5FE284CC}.Release|Any CPU.Build.0 = Release|Any CPU
	EndGlobalSection
	GlobalSection(SolutionProperties) = preSolution
		HideSolutionNode = FALSE
	EndGlobalSection
	GlobalSection(ExtensibilityGlobals) = postSolution
		SolutionGuid = {14BA4F7C-1247-4D4E-84C2-D33AA28DAD34}
	EndGlobalSection
EndGlobal
